# THIS IS AN AUTOGENERATED FILE. DO NOT EDIT THIS FILE DIRECTLY.
# yarn lockfile v1


"@aws-crypto/crc32@3.0.0":
  version "3.0.0"
  resolved "https://registry.yarnpkg.com/@aws-crypto/crc32/-/crc32-3.0.0.tgz#07300eca214409c33e3ff769cd5697b57fdd38fa"
  integrity sha512-IzSgsrxUcsrejQbPVilIKy16kAT52EwB6zSaI+M3xxIhKh5+aldEyvI+z6erM7TCLB2BJsFrtHjp6/4/sr+3dA==
  dependencies:
    "@aws-crypto/util" "^3.0.0"
    "@aws-sdk/types" "^3.222.0"
    tslib "^1.11.1"

"@aws-crypto/ie11-detection@^3.0.0":
  version "3.0.0"
  resolved "https://registry.yarnpkg.com/@aws-crypto/ie11-detection/-/ie11-detection-3.0.0.tgz#640ae66b4ec3395cee6a8e94ebcd9f80c24cd688"
  integrity sha512-341lBBkiY1DfDNKai/wXM3aujNBkXR7tq1URPQDL9wi3AUbI80NR74uF1TXHMm7po1AcnFk8iu2S2IeU/+/A+Q==
  dependencies:
    tslib "^1.11.1"

"@aws-crypto/sha256-browser@3.0.0":
  version "3.0.0"
  resolved "https://registry.yarnpkg.com/@aws-crypto/sha256-browser/-/sha256-browser-3.0.0.tgz#05f160138ab893f1c6ba5be57cfd108f05827766"
  integrity sha512-8VLmW2B+gjFbU5uMeqtQM6Nj0/F1bro80xQXCW6CQBWgosFWXTx77aeOF5CAIAmbOK64SdMBJdNr6J41yP5mvQ==
  dependencies:
    "@aws-crypto/ie11-detection" "^3.0.0"
    "@aws-crypto/sha256-js" "^3.0.0"
    "@aws-crypto/supports-web-crypto" "^3.0.0"
    "@aws-crypto/util" "^3.0.0"
    "@aws-sdk/types" "^3.222.0"
    "@aws-sdk/util-locate-window" "^3.0.0"
    "@aws-sdk/util-utf8-browser" "^3.0.0"
    tslib "^1.11.1"

"@aws-crypto/sha256-js@3.0.0", "@aws-crypto/sha256-js@^3.0.0":
  version "3.0.0"
  resolved "https://registry.yarnpkg.com/@aws-crypto/sha256-js/-/sha256-js-3.0.0.tgz#f06b84d550d25521e60d2a0e2a90139341e007c2"
  integrity sha512-PnNN7os0+yd1XvXAy23CFOmTbMaDxgxXtTKHybrJ39Y8kGzBATgBFibWJKH6BhytLI/Zyszs87xCOBNyBig6vQ==
  dependencies:
    "@aws-crypto/util" "^3.0.0"
    "@aws-sdk/types" "^3.222.0"
    tslib "^1.11.1"

"@aws-crypto/supports-web-crypto@^3.0.0":
  version "3.0.0"
  resolved "https://registry.yarnpkg.com/@aws-crypto/supports-web-crypto/-/supports-web-crypto-3.0.0.tgz#5d1bf825afa8072af2717c3e455f35cda0103ec2"
  integrity sha512-06hBdMwUAb2WFTuGG73LSC0wfPu93xWwo5vL2et9eymgmu3Id5vFAHBbajVWiGhPO37qcsdCap/FqXvJGJWPIg==
  dependencies:
    tslib "^1.11.1"

"@aws-crypto/util@^3.0.0":
  version "3.0.0"
  resolved "https://registry.yarnpkg.com/@aws-crypto/util/-/util-3.0.0.tgz#1c7ca90c29293f0883468ad48117937f0fe5bfb0"
  integrity sha512-2OJlpeJpCR48CC8r+uKVChzs9Iungj9wkZrl8Z041DWEWvyIHILYKCPNzJghKsivj+S3mLo6BVc7mBNzdxA46w==
  dependencies:
    "@aws-sdk/types" "^3.222.0"
    "@aws-sdk/util-utf8-browser" "^3.0.0"
    tslib "^1.11.1"

"@aws-sdk/abort-controller@3.357.0":
  version "3.357.0"
  resolved "https://registry.yarnpkg.com/@aws-sdk/abort-controller/-/abort-controller-3.357.0.tgz#5c5336d18b97781d0b940700375d825f9e20d9be"
  integrity sha512-nQYDJon87quPwt2JZJwUN2GFKJnvE5kWb6tZP4xb5biSGUKBqDQo06oYed7yokatCuCMouIXV462aN0fWODtOw==
  dependencies:
    "@aws-sdk/types" "3.357.0"
    tslib "^2.5.0"

"@aws-sdk/client-cognito-identity-provider@^3.266.0":
  version "3.360.0"
  resolved "https://registry.yarnpkg.com/@aws-sdk/client-cognito-identity-provider/-/client-cognito-identity-provider-3.360.0.tgz#0d63f7a771769b9a3a684a38de83a9291aa86cfb"
  integrity sha512-bNxDcsT80LN4LgMTnm4gQLA2qDsqmnBF1w/jIO0M7Sm/Uj9xZCtkpVJOLoZkPSP3P4K/+iB5UycA52WuvRmU8w==
  dependencies:
    "@aws-crypto/sha256-browser" "3.0.0"
    "@aws-crypto/sha256-js" "3.0.0"
    "@aws-sdk/client-sts" "3.360.0"
    "@aws-sdk/config-resolver" "3.357.0"
    "@aws-sdk/credential-provider-node" "3.360.0"
    "@aws-sdk/fetch-http-handler" "3.357.0"
    "@aws-sdk/hash-node" "3.357.0"
    "@aws-sdk/invalid-dependency" "3.357.0"
    "@aws-sdk/middleware-content-length" "3.357.0"
    "@aws-sdk/middleware-endpoint" "3.357.0"
    "@aws-sdk/middleware-host-header" "3.357.0"
    "@aws-sdk/middleware-logger" "3.357.0"
    "@aws-sdk/middleware-recursion-detection" "3.357.0"
    "@aws-sdk/middleware-retry" "3.357.0"
    "@aws-sdk/middleware-serde" "3.357.0"
    "@aws-sdk/middleware-signing" "3.357.0"
    "@aws-sdk/middleware-stack" "3.357.0"
    "@aws-sdk/middleware-user-agent" "3.357.0"
    "@aws-sdk/node-config-provider" "3.357.0"
    "@aws-sdk/node-http-handler" "3.360.0"
    "@aws-sdk/smithy-client" "3.360.0"
    "@aws-sdk/types" "3.357.0"
    "@aws-sdk/url-parser" "3.357.0"
    "@aws-sdk/util-base64" "3.310.0"
    "@aws-sdk/util-body-length-browser" "3.310.0"
    "@aws-sdk/util-body-length-node" "3.310.0"
    "@aws-sdk/util-defaults-mode-browser" "3.360.0"
    "@aws-sdk/util-defaults-mode-node" "3.360.0"
    "@aws-sdk/util-endpoints" "3.357.0"
    "@aws-sdk/util-retry" "3.357.0"
    "@aws-sdk/util-user-agent-browser" "3.357.0"
    "@aws-sdk/util-user-agent-node" "3.357.0"
    "@aws-sdk/util-utf8" "3.310.0"
    "@smithy/protocol-http" "^1.0.1"
    "@smithy/types" "^1.0.0"
    tslib "^2.5.0"

"@aws-sdk/client-sso-oidc@3.360.0":
  version "3.360.0"
  resolved "https://registry.yarnpkg.com/@aws-sdk/client-sso-oidc/-/client-sso-oidc-3.360.0.tgz#7964cc6334822b955dd0ba3b749f62feb55cebcc"
  integrity sha512-czIpPt75fS3gH3vgFz76+WTaKcvPxC/DnPuqVyHdihMmP0UuwGPU9jn+Xx9RdUw7Yay3+rJRe3AYgBn4Xb220g==
  dependencies:
    "@aws-crypto/sha256-browser" "3.0.0"
    "@aws-crypto/sha256-js" "3.0.0"
    "@aws-sdk/config-resolver" "3.357.0"
    "@aws-sdk/fetch-http-handler" "3.357.0"
    "@aws-sdk/hash-node" "3.357.0"
    "@aws-sdk/invalid-dependency" "3.357.0"
    "@aws-sdk/middleware-content-length" "3.357.0"
    "@aws-sdk/middleware-endpoint" "3.357.0"
    "@aws-sdk/middleware-host-header" "3.357.0"
    "@aws-sdk/middleware-logger" "3.357.0"
    "@aws-sdk/middleware-recursion-detection" "3.357.0"
    "@aws-sdk/middleware-retry" "3.357.0"
    "@aws-sdk/middleware-serde" "3.357.0"
    "@aws-sdk/middleware-stack" "3.357.0"
    "@aws-sdk/middleware-user-agent" "3.357.0"
    "@aws-sdk/node-config-provider" "3.357.0"
    "@aws-sdk/node-http-handler" "3.360.0"
    "@aws-sdk/smithy-client" "3.360.0"
    "@aws-sdk/types" "3.357.0"
    "@aws-sdk/url-parser" "3.357.0"
    "@aws-sdk/util-base64" "3.310.0"
    "@aws-sdk/util-body-length-browser" "3.310.0"
    "@aws-sdk/util-body-length-node" "3.310.0"
    "@aws-sdk/util-defaults-mode-browser" "3.360.0"
    "@aws-sdk/util-defaults-mode-node" "3.360.0"
    "@aws-sdk/util-endpoints" "3.357.0"
    "@aws-sdk/util-retry" "3.357.0"
    "@aws-sdk/util-user-agent-browser" "3.357.0"
    "@aws-sdk/util-user-agent-node" "3.357.0"
    "@aws-sdk/util-utf8" "3.310.0"
    "@smithy/protocol-http" "^1.0.1"
    "@smithy/types" "^1.0.0"
    tslib "^2.5.0"

"@aws-sdk/client-sso@3.360.0":
  version "3.360.0"
  resolved "https://registry.yarnpkg.com/@aws-sdk/client-sso/-/client-sso-3.360.0.tgz#8238f6adfac0977c9321efca3a82ca696cbf7753"
  integrity sha512-0f6eG+6XFbDxrma5xxNGg/FJxh/OHC6h8AkfNms9Lv1gBoQSagpcTor+ax0z9F6lypOjaelX6k4DpeKAp4PZeA==
  dependencies:
    "@aws-crypto/sha256-browser" "3.0.0"
    "@aws-crypto/sha256-js" "3.0.0"
    "@aws-sdk/config-resolver" "3.357.0"
    "@aws-sdk/fetch-http-handler" "3.357.0"
    "@aws-sdk/hash-node" "3.357.0"
    "@aws-sdk/invalid-dependency" "3.357.0"
    "@aws-sdk/middleware-content-length" "3.357.0"
    "@aws-sdk/middleware-endpoint" "3.357.0"
    "@aws-sdk/middleware-host-header" "3.357.0"
    "@aws-sdk/middleware-logger" "3.357.0"
    "@aws-sdk/middleware-recursion-detection" "3.357.0"
    "@aws-sdk/middleware-retry" "3.357.0"
    "@aws-sdk/middleware-serde" "3.357.0"
    "@aws-sdk/middleware-stack" "3.357.0"
    "@aws-sdk/middleware-user-agent" "3.357.0"
    "@aws-sdk/node-config-provider" "3.357.0"
    "@aws-sdk/node-http-handler" "3.360.0"
    "@aws-sdk/smithy-client" "3.360.0"
    "@aws-sdk/types" "3.357.0"
    "@aws-sdk/url-parser" "3.357.0"
    "@aws-sdk/util-base64" "3.310.0"
    "@aws-sdk/util-body-length-browser" "3.310.0"
    "@aws-sdk/util-body-length-node" "3.310.0"
    "@aws-sdk/util-defaults-mode-browser" "3.360.0"
    "@aws-sdk/util-defaults-mode-node" "3.360.0"
    "@aws-sdk/util-endpoints" "3.357.0"
    "@aws-sdk/util-retry" "3.357.0"
    "@aws-sdk/util-user-agent-browser" "3.357.0"
    "@aws-sdk/util-user-agent-node" "3.357.0"
    "@aws-sdk/util-utf8" "3.310.0"
    "@smithy/protocol-http" "^1.0.1"
    "@smithy/types" "^1.0.0"
    tslib "^2.5.0"

"@aws-sdk/client-sts@3.360.0":
  version "3.360.0"
  resolved "https://registry.yarnpkg.com/@aws-sdk/client-sts/-/client-sts-3.360.0.tgz#a505cbac3af8753e445723a8a9deeba105f3dcd0"
  integrity sha512-ORRwSdwlSYGHfhQCXKtr1eJeTjI14l5IZRJbRDgXs46y4/GQj/rt/2Q6WGjVMfM1ZRRiEII2/vK7mU7IJcWkFw==
  dependencies:
    "@aws-crypto/sha256-browser" "3.0.0"
    "@aws-crypto/sha256-js" "3.0.0"
    "@aws-sdk/config-resolver" "3.357.0"
    "@aws-sdk/credential-provider-node" "3.360.0"
    "@aws-sdk/fetch-http-handler" "3.357.0"
    "@aws-sdk/hash-node" "3.357.0"
    "@aws-sdk/invalid-dependency" "3.357.0"
    "@aws-sdk/middleware-content-length" "3.357.0"
    "@aws-sdk/middleware-endpoint" "3.357.0"
    "@aws-sdk/middleware-host-header" "3.357.0"
    "@aws-sdk/middleware-logger" "3.357.0"
    "@aws-sdk/middleware-recursion-detection" "3.357.0"
    "@aws-sdk/middleware-retry" "3.357.0"
    "@aws-sdk/middleware-sdk-sts" "3.357.0"
    "@aws-sdk/middleware-serde" "3.357.0"
    "@aws-sdk/middleware-signing" "3.357.0"
    "@aws-sdk/middleware-stack" "3.357.0"
    "@aws-sdk/middleware-user-agent" "3.357.0"
    "@aws-sdk/node-config-provider" "3.357.0"
    "@aws-sdk/node-http-handler" "3.360.0"
    "@aws-sdk/smithy-client" "3.360.0"
    "@aws-sdk/types" "3.357.0"
    "@aws-sdk/url-parser" "3.357.0"
    "@aws-sdk/util-base64" "3.310.0"
    "@aws-sdk/util-body-length-browser" "3.310.0"
    "@aws-sdk/util-body-length-node" "3.310.0"
    "@aws-sdk/util-defaults-mode-browser" "3.360.0"
    "@aws-sdk/util-defaults-mode-node" "3.360.0"
    "@aws-sdk/util-endpoints" "3.357.0"
    "@aws-sdk/util-retry" "3.357.0"
    "@aws-sdk/util-user-agent-browser" "3.357.0"
    "@aws-sdk/util-user-agent-node" "3.357.0"
    "@aws-sdk/util-utf8" "3.310.0"
    "@smithy/protocol-http" "^1.0.1"
    "@smithy/types" "^1.0.0"
    fast-xml-parser "4.2.5"
    tslib "^2.5.0"

"@aws-sdk/config-resolver@3.357.0":
  version "3.357.0"
  resolved "https://registry.yarnpkg.com/@aws-sdk/config-resolver/-/config-resolver-3.357.0.tgz#7672b3f446ed64025d1763efea0289f7f49833a1"
  integrity sha512-cukfg0nX7Tzx/xFyH5F4Eyb8DA1ITCGtSQv4vnEjgUop+bkzckuGLKEeBcBhyZY+aw+2C9CVwIHwIMhRm0ul5w==
  dependencies:
    "@aws-sdk/types" "3.357.0"
    "@aws-sdk/util-config-provider" "3.310.0"
    "@aws-sdk/util-middleware" "3.357.0"
    tslib "^2.5.0"

"@aws-sdk/credential-provider-env@3.357.0":
  version "3.357.0"
  resolved "https://registry.yarnpkg.com/@aws-sdk/credential-provider-env/-/credential-provider-env-3.357.0.tgz#9746b9f958f490db5b1502d36cba7da43da460cb"
  integrity sha512-UOecwfqvXgJVqhfWSZ2S44v2Nq2oceW0PQVQp0JAa9opc2rxSVIfyOhPr0yMoPmpyNcP22rgeg6ce70KULYwiA==
  dependencies:
    "@aws-sdk/property-provider" "3.357.0"
    "@aws-sdk/types" "3.357.0"
    tslib "^2.5.0"

"@aws-sdk/credential-provider-imds@3.357.0":
  version "3.357.0"
  resolved "https://registry.yarnpkg.com/@aws-sdk/credential-provider-imds/-/credential-provider-imds-3.357.0.tgz#6b5317c79e15a059a2f71623ec673bea03af04f6"
  integrity sha512-upw/bfsl7/WydT6gM0lBuR4Ipp4fzYm/E3ObFr0Mg5OkgVPt5ZJE+eeFTvwCpDdBSTKs4JfrK6/iEK8A23Q1jQ==
  dependencies:
    "@aws-sdk/node-config-provider" "3.357.0"
    "@aws-sdk/property-provider" "3.357.0"
    "@aws-sdk/types" "3.357.0"
    "@aws-sdk/url-parser" "3.357.0"
    tslib "^2.5.0"

"@aws-sdk/credential-provider-ini@3.360.0":
  version "3.360.0"
  resolved "https://registry.yarnpkg.com/@aws-sdk/credential-provider-ini/-/credential-provider-ini-3.360.0.tgz#1d984cfa414dcbfc8ae1a252a1b87b5f2f4b1707"
  integrity sha512-pWuLTq+yjSFssPGhDJ8oxvZsu7/F1KissGRt65G4qrfxHhoiMRcLF1GtFJueDQpitZ1i3mZXHVn/OSv4LPQ1Lw==
  dependencies:
    "@aws-sdk/credential-provider-env" "3.357.0"
    "@aws-sdk/credential-provider-imds" "3.357.0"
    "@aws-sdk/credential-provider-process" "3.357.0"
    "@aws-sdk/credential-provider-sso" "3.360.0"
    "@aws-sdk/credential-provider-web-identity" "3.357.0"
    "@aws-sdk/property-provider" "3.357.0"
    "@aws-sdk/shared-ini-file-loader" "3.357.0"
    "@aws-sdk/types" "3.357.0"
    tslib "^2.5.0"

"@aws-sdk/credential-provider-node@3.360.0":
  version "3.360.0"
  resolved "https://registry.yarnpkg.com/@aws-sdk/credential-provider-node/-/credential-provider-node-3.360.0.tgz#aa5fbb0f47fdb9c0e069760f8a18eebd2d6e47e1"
  integrity sha512-j4Lu5vXkdzz/L6fGKKxnL0vcwAGHlwFHjTg9nRagMn1lvaVjtktXeM30duHTBQq9i+ejdFxpVNWYrmHGaWPNdg==
  dependencies:
    "@aws-sdk/credential-provider-env" "3.357.0"
    "@aws-sdk/credential-provider-imds" "3.357.0"
    "@aws-sdk/credential-provider-ini" "3.360.0"
    "@aws-sdk/credential-provider-process" "3.357.0"
    "@aws-sdk/credential-provider-sso" "3.360.0"
    "@aws-sdk/credential-provider-web-identity" "3.357.0"
    "@aws-sdk/property-provider" "3.357.0"
    "@aws-sdk/shared-ini-file-loader" "3.357.0"
    "@aws-sdk/types" "3.357.0"
    tslib "^2.5.0"

"@aws-sdk/credential-provider-process@3.357.0":
  version "3.357.0"
  resolved "https://registry.yarnpkg.com/@aws-sdk/credential-provider-process/-/credential-provider-process-3.357.0.tgz#5e661bd4431a171ee862bb60ff0054d11dea150a"
  integrity sha512-qFWWilFPsc2hR7O0KIhwcE78w+pVIK+uQR6MQMfdRyxUndgiuCorJwVjedc3yZtmnoELHF34j+m8whTBXv9E7Q==
  dependencies:
    "@aws-sdk/property-provider" "3.357.0"
    "@aws-sdk/shared-ini-file-loader" "3.357.0"
    "@aws-sdk/types" "3.357.0"
    tslib "^2.5.0"

"@aws-sdk/credential-provider-sso@3.360.0":
  version "3.360.0"
  resolved "https://registry.yarnpkg.com/@aws-sdk/credential-provider-sso/-/credential-provider-sso-3.360.0.tgz#7db96614bb2dcd630412e991ce25257a8f42b0e7"
  integrity sha512-kW0FR8AbMQrJxADxIqYSjHVN2RXwHmA5DzogYm1AjOkYRMN9JHDVOMQP2K2M6FCynZqTYsKW5lzjPOjS0fu8Dw==
  dependencies:
    "@aws-sdk/client-sso" "3.360.0"
    "@aws-sdk/property-provider" "3.357.0"
    "@aws-sdk/shared-ini-file-loader" "3.357.0"
    "@aws-sdk/token-providers" "3.360.0"
    "@aws-sdk/types" "3.357.0"
    tslib "^2.5.0"

"@aws-sdk/credential-provider-web-identity@3.357.0":
  version "3.357.0"
  resolved "https://registry.yarnpkg.com/@aws-sdk/credential-provider-web-identity/-/credential-provider-web-identity-3.357.0.tgz#32765fc53779d84c078d20e4e1585b8fedfcf61f"
  integrity sha512-0KRRAFrXy5HJe2vqnCWCoCS+fQw7IoIj3KQsuURJMW4F+ifisxCgEsh3brJ2LQlN4ElWTRJhlrDHNZ/pd61D4w==
  dependencies:
    "@aws-sdk/property-provider" "3.357.0"
    "@aws-sdk/types" "3.357.0"
    tslib "^2.5.0"

"@aws-sdk/eventstream-codec@3.357.0":
  version "3.357.0"
  resolved "https://registry.yarnpkg.com/@aws-sdk/eventstream-codec/-/eventstream-codec-3.357.0.tgz#32b6f0d97f3ea6e479e0d59c0a9b625faf3f887b"
  integrity sha512-bqenTHG6GH6aCk/Il+ooWXVVAZuc8lOgVEy9bE2hI49oVqT8zSuXxQB+w1WWyZoAOPcelsjayB1wfPub8VDBxQ==
  dependencies:
    "@aws-crypto/crc32" "3.0.0"
    "@aws-sdk/types" "3.357.0"
    "@aws-sdk/util-hex-encoding" "3.310.0"
    tslib "^2.5.0"

"@aws-sdk/fetch-http-handler@3.357.0":
  version "3.357.0"
  resolved "https://registry.yarnpkg.com/@aws-sdk/fetch-http-handler/-/fetch-http-handler-3.357.0.tgz#8b33b8cefe036fd932b694242893ef3db1a74f02"
  integrity sha512-5sPloTO8y8fAnS/6/Sfp/aVoL9zuhzkLdWBORNzMazdynVNEzWKWCPZ27RQpgkaCDHiXjqUY4kfuFXAGkvFfDQ==
  dependencies:
    "@aws-sdk/protocol-http" "3.357.0"
    "@aws-sdk/querystring-builder" "3.357.0"
    "@aws-sdk/types" "3.357.0"
    "@aws-sdk/util-base64" "3.310.0"
    tslib "^2.5.0"

"@aws-sdk/hash-node@3.357.0":
  version "3.357.0"
  resolved "https://registry.yarnpkg.com/@aws-sdk/hash-node/-/hash-node-3.357.0.tgz#70666b0d6a49191cf33ef32b235c33b242de36ce"
  integrity sha512-fq3LS9AxHKb7dTZkm6iM1TrGk6XOTZz96iEZPME1+vjiSEXGWuebHt87q92n+KozVGRypn9MId3lHOPBBjygNQ==
  dependencies:
    "@aws-sdk/types" "3.357.0"
    "@aws-sdk/util-buffer-from" "3.310.0"
    "@aws-sdk/util-utf8" "3.310.0"
    tslib "^2.5.0"

"@aws-sdk/invalid-dependency@3.357.0":
  version "3.357.0"
  resolved "https://registry.yarnpkg.com/@aws-sdk/invalid-dependency/-/invalid-dependency-3.357.0.tgz#4e86c689a6b0c4d0fe43ba335218d67e9aa652a6"
  integrity sha512-HnCYZczf0VdyxMVMMxmA3QJAyyPSFbcMtZzgKbxVTWTG7GKpQe0psWZu/7O2Nk31mKg6vEUdiP1FylqLBsgMOA==
  dependencies:
    "@aws-sdk/types" "3.357.0"
    tslib "^2.5.0"

"@aws-sdk/is-array-buffer@3.310.0":
  version "3.310.0"
  resolved "https://registry.yarnpkg.com/@aws-sdk/is-array-buffer/-/is-array-buffer-3.310.0.tgz#f87a79f1b858c88744f07e8d8d0a791df204017e"
  integrity sha512-urnbcCR+h9NWUnmOtet/s4ghvzsidFmspfhYaHAmSRdy9yDjdjBJMFjjsn85A1ODUktztm+cVncXjQ38WCMjMQ==
  dependencies:
    tslib "^2.5.0"

"@aws-sdk/middleware-content-length@3.357.0":
  version "3.357.0"
  resolved "https://registry.yarnpkg.com/@aws-sdk/middleware-content-length/-/middleware-content-length-3.357.0.tgz#eafad2db1816cb5d91cd1e090211f040f29bbdaa"
  integrity sha512-zQOFEyzOXAgN4M54tYNWGxKxnyzY0WwYDTFzh9riJRmxN1hTEKHUKmze4nILIf5rkQmOG4kTf1qmfazjkvZAhw==
  dependencies:
    "@aws-sdk/protocol-http" "3.357.0"
    "@aws-sdk/types" "3.357.0"
    tslib "^2.5.0"

"@aws-sdk/middleware-endpoint@3.357.0":
  version "3.357.0"
  resolved "https://registry.yarnpkg.com/@aws-sdk/middleware-endpoint/-/middleware-endpoint-3.357.0.tgz#bc94bbf55339aa5220011f4ae8e03a7966ce28be"
  integrity sha512-ScJi0SL8X/Lyi0Fp5blg0QN/Z6PoRwV/ZJXd8dQkXSznkbSvJHfqPP0xk/w3GcQ1TKsu5YEPfeYy8ejcq+7Pgg==
  dependencies:
    "@aws-sdk/middleware-serde" "3.357.0"
    "@aws-sdk/types" "3.357.0"
    "@aws-sdk/url-parser" "3.357.0"
    "@aws-sdk/util-middleware" "3.357.0"
    tslib "^2.5.0"

"@aws-sdk/middleware-host-header@3.357.0":
  version "3.357.0"
  resolved "https://registry.yarnpkg.com/@aws-sdk/middleware-host-header/-/middleware-host-header-3.357.0.tgz#9d4f803fc7d9b1f5582a62844b1d841b3c849fe0"
  integrity sha512-HuGLcP7JP1qJ5wGT9GSlEknDaTSnOzHY4T6IPFuvFjAy3PvY5siQNm6+VRqdVS+n6/kzpL3JP5sAVM3aoxHT6Q==
  dependencies:
    "@aws-sdk/protocol-http" "3.357.0"
    "@aws-sdk/types" "3.357.0"
    tslib "^2.5.0"

"@aws-sdk/middleware-logger@3.357.0":
  version "3.357.0"
  resolved "https://registry.yarnpkg.com/@aws-sdk/middleware-logger/-/middleware-logger-3.357.0.tgz#851a44a934ad8f33465ae4665a6c07ac967a8bbb"
  integrity sha512-dncT3tr+lZ9+duZo52rASgO6AKVwRcsc2/T93gmaYVrJqI6WWAwQ7yML5s72l9ZjQ5LZ+4jjrgtlufavAS0eCg==
  dependencies:
    "@aws-sdk/types" "3.357.0"
    tslib "^2.5.0"

"@aws-sdk/middleware-recursion-detection@3.357.0":
  version "3.357.0"
  resolved "https://registry.yarnpkg.com/@aws-sdk/middleware-recursion-detection/-/middleware-recursion-detection-3.357.0.tgz#2d7a8cf43f1299c1ff1e113988bd801e7f527401"
  integrity sha512-AXC54IeDS3jC1dbbkYHML4STvBPcKZ4IJTWdjEK1RCOgqXd0Ze1cE1e21wyj1tM6prF03zLyvpBd+3TS++nqfA==
  dependencies:
    "@aws-sdk/protocol-http" "3.357.0"
    "@aws-sdk/types" "3.357.0"
    tslib "^2.5.0"

"@aws-sdk/middleware-retry@3.357.0":
  version "3.357.0"
  resolved "https://registry.yarnpkg.com/@aws-sdk/middleware-retry/-/middleware-retry-3.357.0.tgz#6dfbd4ddc62c415b6b6de16d3a37ad4d69c8a10c"
  integrity sha512-ZCbXCYv3nglQqwREYxxpclrnR9MYPAnHlLcC8e9PbApqxGnaZdhoywxoqbgqT3hf/RM7kput4vEHDl1fyymcRQ==
  dependencies:
    "@aws-sdk/protocol-http" "3.357.0"
    "@aws-sdk/service-error-classification" "3.357.0"
    "@aws-sdk/types" "3.357.0"
    "@aws-sdk/util-middleware" "3.357.0"
    "@aws-sdk/util-retry" "3.357.0"
    tslib "^2.5.0"
    uuid "^8.3.2"

"@aws-sdk/middleware-sdk-sts@3.357.0":
  version "3.357.0"
  resolved "https://registry.yarnpkg.com/@aws-sdk/middleware-sdk-sts/-/middleware-sdk-sts-3.357.0.tgz#8f9be3db8f4fd8563baf66925ee326f579b6ae4d"
  integrity sha512-Ng2VjLrPiL02QOcs1qs9jG2boO4Gn+v3VIbOJLG4zXcfbSq55iIWtlmr2ljfw9vP5aLhWtcODfmKHS5Bp+019Q==
  dependencies:
    "@aws-sdk/middleware-signing" "3.357.0"
    "@aws-sdk/types" "3.357.0"
    tslib "^2.5.0"

"@aws-sdk/middleware-serde@3.357.0":
  version "3.357.0"
  resolved "https://registry.yarnpkg.com/@aws-sdk/middleware-serde/-/middleware-serde-3.357.0.tgz#2614031c81981580bce4bee502985e28e51dadb2"
  integrity sha512-bGI4kYuuEsFjlANbyJLyy4AovETnyf/SukgLOG7Qjbua+ZGuzvRhMsk21mBKKGrnsTO4PmtieJo6xClThGAN8g==
  dependencies:
    "@aws-sdk/types" "3.357.0"
    tslib "^2.5.0"

"@aws-sdk/middleware-signing@3.357.0":
  version "3.357.0"
  resolved "https://registry.yarnpkg.com/@aws-sdk/middleware-signing/-/middleware-signing-3.357.0.tgz#9aee1ad571b092ad0bbd63e0b551ffb575220688"
  integrity sha512-yB9ewEqI6Fw1OrmKFrUypbCqN5ijk06UGPochybamMuPxxkwMT3bnrm7eezsCA+TZbJyKhpffpyobwuv+xGNrA==
  dependencies:
    "@aws-sdk/property-provider" "3.357.0"
    "@aws-sdk/protocol-http" "3.357.0"
    "@aws-sdk/signature-v4" "3.357.0"
    "@aws-sdk/types" "3.357.0"
    "@aws-sdk/util-middleware" "3.357.0"
    tslib "^2.5.0"

"@aws-sdk/middleware-stack@3.357.0":
  version "3.357.0"
  resolved "https://registry.yarnpkg.com/@aws-sdk/middleware-stack/-/middleware-stack-3.357.0.tgz#51f181691e8c76694b6583561ba0a0a14472506c"
  integrity sha512-nNV+jfwGwmbOGZujAY/U8AW3EbVlxa9DJDLz3TPp/39o6Vu5KEzHJyDDNreo2k9V/TMvV+nOzHafufgPdagv7w==
  dependencies:
    tslib "^2.5.0"

"@aws-sdk/middleware-user-agent@3.357.0":
  version "3.357.0"
  resolved "https://registry.yarnpkg.com/@aws-sdk/middleware-user-agent/-/middleware-user-agent-3.357.0.tgz#d4d27549bbcfdc03f5a8db74435a345b05b40373"
  integrity sha512-M/CsAXjGblZS4rEbMb0Dn9IXbfq4EjVaTHBfvuILU/dKRppWvjnm2lRtqCZ+LIT3ATbAjA3/dY7dWsjxQWwijA==
  dependencies:
    "@aws-sdk/protocol-http" "3.357.0"
    "@aws-sdk/types" "3.357.0"
    "@aws-sdk/util-endpoints" "3.357.0"
    tslib "^2.5.0"

"@aws-sdk/node-config-provider@3.357.0":
  version "3.357.0"
  resolved "https://registry.yarnpkg.com/@aws-sdk/node-config-provider/-/node-config-provider-3.357.0.tgz#2e47aa36e5efae89b65c79b8c27180d3d8a2d901"
  integrity sha512-kwBIzKCaW3UWqLdELhy7TcN8itNMOjbzga530nalFILMvn2IxrkdKQhNgxGBXy6QK6kCOtH6OmcrG3/oZkLwig==
  dependencies:
    "@aws-sdk/property-provider" "3.357.0"
    "@aws-sdk/shared-ini-file-loader" "3.357.0"
    "@aws-sdk/types" "3.357.0"
    tslib "^2.5.0"

"@aws-sdk/node-http-handler@3.360.0":
  version "3.360.0"
  resolved "https://registry.yarnpkg.com/@aws-sdk/node-http-handler/-/node-http-handler-3.360.0.tgz#6f762b57f98887b5173886f890669e6a60bf792c"
  integrity sha512-oMsXdMmNwHpUbebETO44bq0N4SocEMGfPjYNUTRs8md7ita5fuFd2qFuvf+ZRt6iVcGWluIqmF8DidD+b7d+TA==
  dependencies:
    "@aws-sdk/abort-controller" "3.357.0"
    "@aws-sdk/protocol-http" "3.357.0"
    "@aws-sdk/querystring-builder" "3.357.0"
    "@aws-sdk/types" "3.357.0"
    tslib "^2.5.0"

"@aws-sdk/property-provider@3.357.0":
  version "3.357.0"
  resolved "https://registry.yarnpkg.com/@aws-sdk/property-provider/-/property-provider-3.357.0.tgz#4c1639c2d52aefab4040c2247c126c11b19d8be9"
  integrity sha512-im4W0u8WaYxG7J7ko4Xl3OEzK3Mrm1Rz6/txTGe6hTIHlyUISu1ekOQJXK6XYPqNMn8v1G3BiQREoRXUEJFbHg==
  dependencies:
    "@aws-sdk/types" "3.357.0"
    tslib "^2.5.0"

"@aws-sdk/protocol-http@3.357.0":
  version "3.357.0"
  resolved "https://registry.yarnpkg.com/@aws-sdk/protocol-http/-/protocol-http-3.357.0.tgz#cd47413d6c1ed2d27bc30c7e9da3b262c8804cf4"
  integrity sha512-w1JHiI50VEea7duDeAspUiKJmmdIQblvRyjVMOqWA6FIQAyDVuEiPX7/MdQr0ScxhtRQxHbP0I4MFyl7ctRQvA==
  dependencies:
    "@aws-sdk/types" "3.357.0"
    tslib "^2.5.0"

"@aws-sdk/querystring-builder@3.357.0":
  version "3.357.0"
  resolved "https://registry.yarnpkg.com/@aws-sdk/querystring-builder/-/querystring-builder-3.357.0.tgz#0d4627620eba4d3cc523c2e1da88dfa561617599"
  integrity sha512-aQcicqB6Y2cNaXPPwunz612a01SMiQQPsdz632F/3Lzn0ua82BJKobHOtaiTUlmVJ5Q4/EAeNfwZgL7tTUNtDQ==
  dependencies:
    "@aws-sdk/types" "3.357.0"
    "@aws-sdk/util-uri-escape" "3.310.0"
    tslib "^2.5.0"

"@aws-sdk/querystring-parser@3.357.0":
  version "3.357.0"
  resolved "https://registry.yarnpkg.com/@aws-sdk/querystring-parser/-/querystring-parser-3.357.0.tgz#6dfeb42930b2241cda43646d7c1d16ca886c78af"
  integrity sha512-Svvq+atRNP9s2VxiklcUNgCzmt3T5kfs7X2C+yjmxHvOQTPjLNaNGbfC/vhjOK7aoXw0h+lBac48r5ymx1PbQA==
  dependencies:
    "@aws-sdk/types" "3.357.0"
    tslib "^2.5.0"

"@aws-sdk/service-error-classification@3.357.0":
  version "3.357.0"
  resolved "https://registry.yarnpkg.com/@aws-sdk/service-error-classification/-/service-error-classification-3.357.0.tgz#1c6f6e436997a1886d55cfec6d4796129b789076"
  integrity sha512-VuXeL4g5vKO9HjgCZlxmH8Uv1FcqUSjmbPpQkbNtYIDck6u0qzM0rG+n0/1EjyQbPSr3MhW/pkWs5nx2Nljlyg==

"@aws-sdk/shared-ini-file-loader@3.357.0":
  version "3.357.0"
  resolved "https://registry.yarnpkg.com/@aws-sdk/shared-ini-file-loader/-/shared-ini-file-loader-3.357.0.tgz#af503df79e05bb9ee0e5d689319c9b52cefe1801"
  integrity sha512-ceyqM4XxQe0Plb/oQAD2t1UOV2Iy4PFe1oAGM8dfJzYrRKu7zvMwru7/WaB3NYq+/mIY6RU+jjhRmjQ3GySVqA==
  dependencies:
    "@aws-sdk/types" "3.357.0"
    tslib "^2.5.0"

"@aws-sdk/signature-v4@3.357.0":
  version "3.357.0"
  resolved "https://registry.yarnpkg.com/@aws-sdk/signature-v4/-/signature-v4-3.357.0.tgz#31093e87fda10bee92b6b2784cdba9af9af89e7d"
  integrity sha512-itt4/Jh9FqnzK30qIjXFBvM4J7zN4S/AAqsRMnaX7U4f/MV+1YxQHmzimpdMnsCXXs2jqFqKVRu6DewxJ3nbxg==
  dependencies:
    "@aws-sdk/eventstream-codec" "3.357.0"
    "@aws-sdk/is-array-buffer" "3.310.0"
    "@aws-sdk/types" "3.357.0"
    "@aws-sdk/util-hex-encoding" "3.310.0"
    "@aws-sdk/util-middleware" "3.357.0"
    "@aws-sdk/util-uri-escape" "3.310.0"
    "@aws-sdk/util-utf8" "3.310.0"
    tslib "^2.5.0"

"@aws-sdk/smithy-client@3.360.0":
  version "3.360.0"
  resolved "https://registry.yarnpkg.com/@aws-sdk/smithy-client/-/smithy-client-3.360.0.tgz#59d55eb41eccc22ca2d3d32c11b60135f882e66d"
  integrity sha512-R7wbT2SkgWNEAxMekOTNcPcvBszabW2+qHjrcelbbVJNjx/2yK+MbpZI4WRSncByQMeeoW+aSUP+JgsbpiOWfw==
  dependencies:
    "@aws-sdk/middleware-stack" "3.357.0"
    "@aws-sdk/types" "3.357.0"
    "@aws-sdk/util-stream" "3.360.0"
    "@smithy/types" "^1.0.0"
    tslib "^2.5.0"

"@aws-sdk/token-providers@3.360.0":
  version "3.360.0"
  resolved "https://registry.yarnpkg.com/@aws-sdk/token-providers/-/token-providers-3.360.0.tgz#f4343caef536a96e39d4e79fff604868036247a0"
  integrity sha512-gtnCmn2NL7uSwadqQPeU74Wo7Wf1NMJtui+KSWPYpc3joRZqIYj0kL5w0IT2S9tPQwCFerWVfhkvRkSGJ4nZ/g==
  dependencies:
    "@aws-sdk/client-sso-oidc" "3.360.0"
    "@aws-sdk/property-provider" "3.357.0"
    "@aws-sdk/shared-ini-file-loader" "3.357.0"
    "@aws-sdk/types" "3.357.0"
    tslib "^2.5.0"

"@aws-sdk/types@3.357.0", "@aws-sdk/types@^3.222.0":
  version "3.357.0"
  resolved "https://registry.yarnpkg.com/@aws-sdk/types/-/types-3.357.0.tgz#8491da71a4291cc2661c26a75089e86532b6a3b5"
  integrity sha512-/riCRaXg3p71BeWnShrai0y0QTdXcouPSM0Cn1olZbzTf7s71aLEewrc96qFrL70XhY4XvnxMpqQh+r43XIL3g==
  dependencies:
    tslib "^2.5.0"

"@aws-sdk/url-parser@3.357.0":
  version "3.357.0"
  resolved "https://registry.yarnpkg.com/@aws-sdk/url-parser/-/url-parser-3.357.0.tgz#1b197f252d008e201d1e301c8024bed770ef0b2c"
  integrity sha512-fAaU6cFsaAba01lCRsRJiYR/LfXvX2wudyEyutBVglE4dWSoSeu3QJNxImIzTBULfbiFhz59++NQ1JUVx88IVg==
  dependencies:
    "@aws-sdk/querystring-parser" "3.357.0"
    "@aws-sdk/types" "3.357.0"
    tslib "^2.5.0"

"@aws-sdk/util-base64@3.310.0":
  version "3.310.0"
  resolved "https://registry.yarnpkg.com/@aws-sdk/util-base64/-/util-base64-3.310.0.tgz#d0fd49aff358c5a6e771d0001c63b1f97acbe34c"
  integrity sha512-v3+HBKQvqgdzcbL+pFswlx5HQsd9L6ZTlyPVL2LS9nNXnCcR3XgGz9jRskikRUuUvUXtkSG1J88GAOnJ/apTPg==
  dependencies:
    "@aws-sdk/util-buffer-from" "3.310.0"
    tslib "^2.5.0"

"@aws-sdk/util-body-length-browser@3.310.0":
  version "3.310.0"
  resolved "https://registry.yarnpkg.com/@aws-sdk/util-body-length-browser/-/util-body-length-browser-3.310.0.tgz#3fca9d2f73c058edf1907e4a1d99a392fdd23eca"
  integrity sha512-sxsC3lPBGfpHtNTUoGXMQXLwjmR0zVpx0rSvzTPAuoVILVsp5AU/w5FphNPxD5OVIjNbZv9KsKTuvNTiZjDp9g==
  dependencies:
    tslib "^2.5.0"

"@aws-sdk/util-body-length-node@3.310.0":
  version "3.310.0"
  resolved "https://registry.yarnpkg.com/@aws-sdk/util-body-length-node/-/util-body-length-node-3.310.0.tgz#4846ae72834ab0636f29f89fc1878520f6543fed"
  integrity sha512-2tqGXdyKhyA6w4zz7UPoS8Ip+7sayOg9BwHNidiGm2ikbDxm1YrCfYXvCBdwaJxa4hJfRVz+aL9e+d3GqPI9pQ==
  dependencies:
    tslib "^2.5.0"

"@aws-sdk/util-buffer-from@3.310.0":
  version "3.310.0"
  resolved "https://registry.yarnpkg.com/@aws-sdk/util-buffer-from/-/util-buffer-from-3.310.0.tgz#7a72cb965984d3c6a7e256ae6cf1621f52e54a57"
  integrity sha512-i6LVeXFtGih5Zs8enLrt+ExXY92QV25jtEnTKHsmlFqFAuL3VBeod6boeMXkN2p9lbSVVQ1sAOOYZOHYbYkntw==
  dependencies:
    "@aws-sdk/is-array-buffer" "3.310.0"
    tslib "^2.5.0"

"@aws-sdk/util-config-provider@3.310.0":
  version "3.310.0"
  resolved "https://registry.yarnpkg.com/@aws-sdk/util-config-provider/-/util-config-provider-3.310.0.tgz#ff21f73d4774cfd7bd16ae56f905828600dda95f"
  integrity sha512-xIBaYo8dwiojCw8vnUcIL4Z5tyfb1v3yjqyJKJWV/dqKUFOOS0U591plmXbM+M/QkXyML3ypon1f8+BoaDExrg==
  dependencies:
    tslib "^2.5.0"

"@aws-sdk/util-defaults-mode-browser@3.360.0":
  version "3.360.0"
  resolved "https://registry.yarnpkg.com/@aws-sdk/util-defaults-mode-browser/-/util-defaults-mode-browser-3.360.0.tgz#fced018e4990220dc31881a5b2b3e425fe08e970"
  integrity sha512-/GR8VlK9xo1Q5WbVYuNaZ+XfoCFdWNb4z4mpoEgvEgBH4R0GjqiAqLftUA8Ykq1tJuDAKPYVzUNzK8DC0pt7/g==
  dependencies:
    "@aws-sdk/property-provider" "3.357.0"
    "@aws-sdk/types" "3.357.0"
    bowser "^2.11.0"
    tslib "^2.5.0"

"@aws-sdk/util-defaults-mode-node@3.360.0":
  version "3.360.0"
  resolved "https://registry.yarnpkg.com/@aws-sdk/util-defaults-mode-node/-/util-defaults-mode-node-3.360.0.tgz#83e2812474d8807d6d220c5064576e63e4ea8306"
  integrity sha512-gR3Ctqpyl7SgStDJ1Jlq6qQDuw/rS9AgbAXx+s3wsmm3fm8lHKkXkDPYVvNDqd6dVXRO6q8MRx00lwkGI4qrpQ==
  dependencies:
    "@aws-sdk/config-resolver" "3.357.0"
    "@aws-sdk/credential-provider-imds" "3.357.0"
    "@aws-sdk/node-config-provider" "3.357.0"
    "@aws-sdk/property-provider" "3.357.0"
    "@aws-sdk/types" "3.357.0"
    tslib "^2.5.0"

"@aws-sdk/util-endpoints@3.357.0":
  version "3.357.0"
  resolved "https://registry.yarnpkg.com/@aws-sdk/util-endpoints/-/util-endpoints-3.357.0.tgz#eaa7b4481bbd9fc8f13412b308ba4129d8fa2004"
  integrity sha512-XHKyS5JClT9su9hDif715jpZiWHQF9gKZXER8tW0gOizU3R9cyWc9EsJ2BRhFNhi7nt/JF/CLUEc5qDx3ETbUw==
  dependencies:
    "@aws-sdk/types" "3.357.0"
    tslib "^2.5.0"

"@aws-sdk/util-hex-encoding@3.310.0":
  version "3.310.0"
  resolved "https://registry.yarnpkg.com/@aws-sdk/util-hex-encoding/-/util-hex-encoding-3.310.0.tgz#19294c78986c90ae33f04491487863dc1d33bd87"
  integrity sha512-sVN7mcCCDSJ67pI1ZMtk84SKGqyix6/0A1Ab163YKn+lFBQRMKexleZzpYzNGxYzmQS6VanP/cfU7NiLQOaSfA==
  dependencies:
    tslib "^2.5.0"

"@aws-sdk/util-locate-window@^3.0.0":
  version "3.310.0"
  resolved "https://registry.yarnpkg.com/@aws-sdk/util-locate-window/-/util-locate-window-3.310.0.tgz#b071baf050301adee89051032bd4139bba32cc40"
  integrity sha512-qo2t/vBTnoXpjKxlsC2e1gBrRm80M3bId27r0BRB2VniSSe7bL1mmzM+/HFtujm0iAxtPM+aLEflLJlJeDPg0w==
  dependencies:
    tslib "^2.5.0"

"@aws-sdk/util-middleware@3.357.0":
  version "3.357.0"
  resolved "https://registry.yarnpkg.com/@aws-sdk/util-middleware/-/util-middleware-3.357.0.tgz#1ba478dde5df4e53b231ec6651b8d44c9187f66d"
  integrity sha512-pV1krjZs7BdahZBfsCJMatE8kcor7GFsBOWrQgQDm9T0We5b5xPpOO2vxAD0RytBpY8Ky2ELs/+qXMv7l5fWIA==
  dependencies:
    tslib "^2.5.0"

"@aws-sdk/util-retry@3.357.0":
  version "3.357.0"
  resolved "https://registry.yarnpkg.com/@aws-sdk/util-retry/-/util-retry-3.357.0.tgz#25e12e2882b2bbc5a6531c1d9344cb0c93103b3b"
  integrity sha512-SUqYJE9msbuOVq+vnUy+t0LH7XuYNFz66dSF8q6tedsbJK4j8tgya0I1Ct3m06ynGrXDJMaj39I7AXCyW9bjtw==
  dependencies:
    "@aws-sdk/service-error-classification" "3.357.0"
    tslib "^2.5.0"

"@aws-sdk/util-stream@3.360.0":
  version "3.360.0"
  resolved "https://registry.yarnpkg.com/@aws-sdk/util-stream/-/util-stream-3.360.0.tgz#a6cf43cf594540e9d1a4e19b9acbc5c34b3a1225"
  integrity sha512-t3naBfNesXwLis29pzSfLx2ifCn2180GiPjRaIsQP14IiVCBOeT1xaU6Dpyk7WeR/jW4cu7wGl+kbeyfNF6QmQ==
  dependencies:
    "@aws-sdk/fetch-http-handler" "3.357.0"
    "@aws-sdk/node-http-handler" "3.360.0"
    "@aws-sdk/types" "3.357.0"
    "@aws-sdk/util-base64" "3.310.0"
    "@aws-sdk/util-buffer-from" "3.310.0"
    "@aws-sdk/util-hex-encoding" "3.310.0"
    "@aws-sdk/util-utf8" "3.310.0"
    tslib "^2.5.0"

"@aws-sdk/util-uri-escape@3.310.0":
  version "3.310.0"
  resolved "https://registry.yarnpkg.com/@aws-sdk/util-uri-escape/-/util-uri-escape-3.310.0.tgz#9f942f09a715d8278875013a416295746b6085ba"
  integrity sha512-drzt+aB2qo2LgtDoiy/3sVG8w63cgLkqFIa2NFlGpUgHFWTXkqtbgf4L5QdjRGKWhmZsnqkbtL7vkSWEcYDJ4Q==
  dependencies:
    tslib "^2.5.0"

"@aws-sdk/util-user-agent-browser@3.357.0":
  version "3.357.0"
  resolved "https://registry.yarnpkg.com/@aws-sdk/util-user-agent-browser/-/util-user-agent-browser-3.357.0.tgz#21c3e6c1a3d610dd279952d3ce00909775019be5"
  integrity sha512-JHaWlNIUkPNvXkqeDOrqFzAlAgdwZK5mZw7FQnCRvf8tdSogpGZSkuyb9Z6rLD9gC40Srbc2nepO1cFpeMsDkA==
  dependencies:
    "@aws-sdk/types" "3.357.0"
    bowser "^2.11.0"
    tslib "^2.5.0"

"@aws-sdk/util-user-agent-node@3.357.0":
  version "3.357.0"
  resolved "https://registry.yarnpkg.com/@aws-sdk/util-user-agent-node/-/util-user-agent-node-3.357.0.tgz#a656cebce558b602e753e45a3b8174dc7c0f1fcf"
  integrity sha512-RdpQoaJWQvcS99TVgSbT451iGrlH4qpWUWFA9U1IRhxOSsmC1hz8ME7xc8nci9SREx/ZlfT3ai6LpoAzAtIEMA==
  dependencies:
    "@aws-sdk/node-config-provider" "3.357.0"
    "@aws-sdk/types" "3.357.0"
    tslib "^2.5.0"

"@aws-sdk/util-utf8-browser@^3.0.0":
  version "3.259.0"
  resolved "https://registry.yarnpkg.com/@aws-sdk/util-utf8-browser/-/util-utf8-browser-3.259.0.tgz#3275a6f5eb334f96ca76635b961d3c50259fd9ff"
  integrity sha512-UvFa/vR+e19XookZF8RzFZBrw2EUkQWxiBW0yYQAhvk3C+QVGl0H3ouca8LDBlBfQKXwmW3huo/59H8rwb1wJw==
  dependencies:
    tslib "^2.3.1"

"@aws-sdk/util-utf8@3.310.0":
  version "3.310.0"
  resolved "https://registry.yarnpkg.com/@aws-sdk/util-utf8/-/util-utf8-3.310.0.tgz#4a7b9dcebb88e830d3811aeb21e9a6df4273afb4"
  integrity sha512-DnLfFT8uCO22uOJc0pt0DsSNau1GTisngBCDw8jQuWT5CqogMJu4b/uXmwEqfj8B3GX6Xsz8zOd6JpRlPftQoA==
  dependencies:
    "@aws-sdk/util-buffer-from" "3.310.0"
    tslib "^2.5.0"

"@smithy/protocol-http@^1.0.1":
  version "1.1.0"
  resolved "https://registry.yarnpkg.com/@smithy/protocol-http/-/protocol-http-1.1.0.tgz#caf22e01cb825d7490a4915e03d6fa64954ff535"
  integrity sha512-H5y/kZOqfJSqRkwtcAoVbqONmhdXwSgYNJ1Glk5Ry8qlhVVy5qUzD9EklaCH8/XLnoCsLO/F/Giee8MIvaBRkg==
  dependencies:
    "@smithy/types" "^1.1.0"
    tslib "^2.5.0"

"@smithy/types@^1.0.0", "@smithy/types@^1.1.0":
  version "1.1.0"
  resolved "https://registry.yarnpkg.com/@smithy/types/-/types-1.1.0.tgz#f30a23202c97634cca5c1ac955a9bf149c955226"
  integrity sha512-KzmvisMmuwD2jZXuC9e65JrgsZM97y5NpDU7g347oB+Q+xQLU6hQZ5zFNNbEfwwOJHoOvEVTna+dk1h/lW7alw==
  dependencies:
    tslib "^2.5.0"

bowser@^2.11.0:
  version "2.11.0"
  resolved "https://registry.yarnpkg.com/bowser/-/bowser-2.11.0.tgz#5ca3c35757a7aa5771500c70a73a9f91ef420a8f"
  integrity sha512-AlcaJBi/pqqJBIQ8U9Mcpc9i8Aqxn88Skv5d+xBX006BY5u8N3mGLHa5Lgppa7L/HfwgwLgZ6NYs+Ag6uUmJRA==

fast-xml-parser@4.2.5, fast-xml-parser@^4.2.5:
  version "4.2.5"
  resolved "https://registry.yarnpkg.com/fast-xml-parser/-/fast-xml-parser-4.2.5.tgz#a6747a09296a6cb34f2ae634019bf1738f3b421f"
  integrity sha512-B9/wizE4WngqQftFPmdaMYlXoJlJOYxGQOanC77fq9k8+Z0v5dDSVh+3glErdIROP//s/jgb7ZuxKfB8nVyo0g==
  dependencies:
    strnum "^1.0.5"

strnum@^1.0.5:
  version "1.0.5"
  resolved "https://registry.yarnpkg.com/strnum/-/strnum-1.0.5.tgz#5c4e829fe15ad4ff0d20c3db5ac97b73c9b072db"
  integrity sha512-J8bbNyKKXl5qYcR36TIO8W3mVGVHrmmxsd5PAItGkmyzwJvybiw2IVq5nqd0i4LSNSkB/sx9VHllbfFdr9k1JA==

tslib@^1.11.1:
  version "1.14.1"
  resolved "https://registry.yarnpkg.com/tslib/-/tslib-1.14.1.tgz#cf2d38bdc34a134bcaf1091c41f6619e2f672d00"
  integrity sha512-Xni35NKzjgMrwevysHTCArtLDpPvye8zV/0E4EyYn43P7/7qvQwPh9BGkHewbMulVntbigmcT7rdX3BNo9wRJg==

tslib@^2.3.1, tslib@^2.5.0:
  version "2.6.0"
  resolved "https://registry.yarnpkg.com/tslib/-/tslib-2.6.0.tgz#b295854684dbda164e181d259a22cd779dcd7bc3"
  integrity sha512-7At1WUettjcSRHXCyYtTselblcHl9PJFFVKiCAy/bY97+BPZXSQ2wbq0P9s8tK2G7dFQfNnlJnPAiArVBVBsfA==

uuid@^8.3.2:
  version "8.3.2"
  resolved "https://registry.yarnpkg.com/uuid/-/uuid-8.3.2.tgz#80d5b5ced271bb9af6c445f21a1a04c606cefbe2"
  integrity sha512-+NYs2QeMWy+GWFOEm9xnn6HCDp0l7QBD7ml8zLUmJ+93Q5NF0NocErnwkTkXVFNiX3/fpC6afS8Dhb/gz7R7eg==
