# This file is generated by running "yarn install" inside your project.
# Manual changes might be lost - proceed with caution!

__metadata:
  version: 8
  cacheKey: 10c0

"kafkajs@npm:^2.2.4":
  version: 2.2.4
  resolution: "kafkajs@npm:2.2.4"
  checksum: 10c0/6eece1f682a257955f647b6142430e87681d11bf01e9ebe0a73b4bc0653b8f970c48ba72a3b25fdbb4205cfbb36e5ef93d954b8f8c5f7767ae2b4693bdec9d88
  languageName: node
  linkType: hard

"topics@workspace:.":
  version: 0.0.0-use.local
  resolution: "topics@workspace:."
  dependencies:
    kafkajs: "npm:^2.2.4"
  languageName: unknown
  linkType: soft
